PODS:
  - Flutter (1.0.0)
  - flutter_security (0.0.3):
    - Flutter
    - IOSSecuritySuite
  - IOSSecuritySuite (1.9.1)

DEPENDENCIES:
  - Flutter (from `Flutter`)
  - flutter_security (from `.symlinks/plugins/flutter_security/ios`)

SPEC REPOS:
  trunk:
    - IOSSecuritySuite

EXTERNAL SOURCES:
  Flutter:
    :path: Flutter
  flutter_security:
    :path: ".symlinks/plugins/flutter_security/ios"

SPEC CHECKSUMS:
  Flutter: 434fef37c0980e73bb6479ef766c45957d4b510c
  flutter_security: f0591c0b9a51dbf3b82824bc722792ae20d57312
  IOSSecuritySuite: 0dbc01c68ce296c390ccf0443bf68cb40077abe8

PODFILE CHECKSUM: 82c377f60a87662261261afab61c0d39289556e4

COCOAPODS: 1.11.2
